
Microsoft Visual Studio Solution File, Format Version 12.00
# Visual Studio Version 17
VisualStudioVersion = 17.4.32804.182
MinimumVisualStudioVersion = 10.0.40219.1
Project("{9A19103F-16F7-4668-BE54-9A1E7A4F7556}") = "PCAN_UDS_TEST", "PCAN_UDS_TEST.csproj", "{743144F9-B0E5-41E2-801B-E8CE07D899C0}"
EndProject
Global
	GlobalSection(SolutionConfigurationPlatforms) = preSolution
		Debug|Any CPU = Debug|Any CPU
		Release|Any CPU = Release|Any CPU
	EndGlobalSection
	GlobalSection(ProjectConfigurationPlatforms) = postSolution
		{743144F9-B0E5-41E2-801B-E8CE07D899C0}.Debug|Any CPU.ActiveCfg = Debug|Any CPU
		{743144F9-B0E5-41E2-801B-E8CE07D899C0}.Debug|Any CPU.Build.0 = Debug|Any CPU
		{743144F9-B0E5-41E2-801B-E8CE07D899C0}.Release|Any CPU.ActiveCfg = Release|Any CPU
		{743144F9-B0E5-41E2-801B-E8CE07D899C0}.Release|Any CPU.Build.0 = Release|Any CPU
	EndGlobalSection
	GlobalSection(SolutionProperties) = preSolution
		HideSolutionNode = FALSE
	EndGlobalSection
	GlobalSection(ExtensibilityGlobals) = postSolution
		SolutionGuid = {BFE5C41D-21C5-4887-B3C4-68C542CDD996}
	EndGlobalSection
EndGlobal
